
Microsoft Visual Studio Solution File, Format Version 12.00
# Visual Studio Version 17
VisualStudioVersion = 17.11.35208.52
MinimumVisualStudioVersion = 10.0.40219.1
Project("{FAE04EC0-301F-11D3-BF4B-00C04F79EFBC}") = "MyShop_Backend", "MyShop_Backend\MyShop_Backend.csproj", "{F6C60DA0-2001-4DF8-930B-86B794FDEDB8}"
EndProject
Global
	GlobalSection(SolutionConfigurationPlatforms) = preSolution
		Debug|Any CPU = Debug|Any CPU
		Release|Any CPU = Release|Any CPU
	EndGlobalSection
	GlobalSection(ProjectConfigurationPlatforms) = postSolution
		{F6C60DA0-2001-4DF8-930B-86B794FDEDB8}.Debug|Any CPU.ActiveCfg = Debug|Any CPU
		{F6C60DA0-2001-4DF8-930B-86B794FDEDB8}.Debug|Any CPU.Build.0 = Debug|Any CPU
		{F6C60DA0-2001-4DF8-930B-86B794FDEDB8}.Release|Any CPU.ActiveCfg = Release|Any CPU
		{F6C60DA0-2001-4DF8-930B-86B794FDEDB8}.Release|Any CPU.Build.0 = Release|Any CPU
	EndGlobalSection
	GlobalSection(SolutionProperties) = preSolution
		HideSolutionNode = FALSE
	EndGlobalSection
	GlobalSection(ExtensibilityGlobals) = postSolution
		SolutionGuid = {3E7B1E02-6EDD-47A8-9A7B-99CEB6200EDE}
	EndGlobalSection
EndGlobal
